
Microsoft Visual Studio Solution File, Format Version 12.00
# Visual Studio Version 16
VisualStudioVersion = 16.0.30114.105
MinimumVisualStudioVersion = 10.0.40219.1
Project("{2150E333-8FDC-42A3-9474-1A3956D46DE8}") = "src", "src", "{E3A4473E-DEA4-4373-AA8B-5E34A92D2586}"
EndProject
Project("{F2A71F9B-5D33-465A-A702-920D77279786}") = "Jayson", "src\Jayson\Jayson.fsproj", "{819102B6-BD43-4494-BC53-7F4E907E31D7}"
EndProject
Project("{2150E333-8FDC-42A3-9474-1A3956D46DE8}") = "tests", "tests", "{CF6CE2F0-5E21-4C0E-A0FF-CC09A68D3A59}"
EndProject
Project("{F2A71F9B-5D33-465A-A702-920D77279786}") = "Jayson.Tests", "tests\Jayson.Tests\Jayson.Tests.fsproj", "{0050CC81-88A9-4463-AF44-E4305E5CEA83}"
EndProject
Global
	GlobalSection(SolutionConfigurationPlatforms) = preSolution
		Debug|Any CPU = Debug|Any CPU
		Debug|x64 = Debug|x64
		Debug|x86 = Debug|x86
		Release|Any CPU = Release|Any CPU
		Release|x64 = Release|x64
		Release|x86 = Release|x86
	EndGlobalSection
	GlobalSection(SolutionProperties) = preSolution
		HideSolutionNode = FALSE
	EndGlobalSection
	GlobalSection(ProjectConfigurationPlatforms) = postSolution
		{819102B6-BD43-4494-BC53-7F4E907E31D7}.Debug|Any CPU.ActiveCfg = Debug|Any CPU
		{819102B6-BD43-4494-BC53-7F4E907E31D7}.Debug|Any CPU.Build.0 = Debug|Any CPU
		{819102B6-BD43-4494-BC53-7F4E907E31D7}.Debug|x64.ActiveCfg = Debug|Any CPU
		{819102B6-BD43-4494-BC53-7F4E907E31D7}.Debug|x64.Build.0 = Debug|Any CPU
		{819102B6-BD43-4494-BC53-7F4E907E31D7}.Debug|x86.ActiveCfg = Debug|Any CPU
		{819102B6-BD43-4494-BC53-7F4E907E31D7}.Debug|x86.Build.0 = Debug|Any CPU
		{819102B6-BD43-4494-BC53-7F4E907E31D7}.Release|Any CPU.ActiveCfg = Release|Any CPU
		{819102B6-BD43-4494-BC53-7F4E907E31D7}.Release|Any CPU.Build.0 = Release|Any CPU
		{819102B6-BD43-4494-BC53-7F4E907E31D7}.Release|x64.ActiveCfg = Release|Any CPU
		{819102B6-BD43-4494-BC53-7F4E907E31D7}.Release|x64.Build.0 = Release|Any CPU
		{819102B6-BD43-4494-BC53-7F4E907E31D7}.Release|x86.ActiveCfg = Release|Any CPU
		{819102B6-BD43-4494-BC53-7F4E907E31D7}.Release|x86.Build.0 = Release|Any CPU
		{0050CC81-88A9-4463-AF44-E4305E5CEA83}.Debug|Any CPU.ActiveCfg = Debug|Any CPU
		{0050CC81-88A9-4463-AF44-E4305E5CEA83}.Debug|Any CPU.Build.0 = Debug|Any CPU
		{0050CC81-88A9-4463-AF44-E4305E5CEA83}.Debug|x64.ActiveCfg = Debug|Any CPU
		{0050CC81-88A9-4463-AF44-E4305E5CEA83}.Debug|x64.Build.0 = Debug|Any CPU
		{0050CC81-88A9-4463-AF44-E4305E5CEA83}.Debug|x86.ActiveCfg = Debug|Any CPU
		{0050CC81-88A9-4463-AF44-E4305E5CEA83}.Debug|x86.Build.0 = Debug|Any CPU
		{0050CC81-88A9-4463-AF44-E4305E5CEA83}.Release|Any CPU.ActiveCfg = Release|Any CPU
		{0050CC81-88A9-4463-AF44-E4305E5CEA83}.Release|Any CPU.Build.0 = Release|Any CPU
		{0050CC81-88A9-4463-AF44-E4305E5CEA83}.Release|x64.ActiveCfg = Release|Any CPU
		{0050CC81-88A9-4463-AF44-E4305E5CEA83}.Release|x64.Build.0 = Release|Any CPU
		{0050CC81-88A9-4463-AF44-E4305E5CEA83}.Release|x86.ActiveCfg = Release|Any CPU
		{0050CC81-88A9-4463-AF44-E4305E5CEA83}.Release|x86.Build.0 = Release|Any CPU
	EndGlobalSection
	GlobalSection(NestedProjects) = preSolution
		{819102B6-BD43-4494-BC53-7F4E907E31D7} = {E3A4473E-DEA4-4373-AA8B-5E34A92D2586}
		{0050CC81-88A9-4463-AF44-E4305E5CEA83} = {CF6CE2F0-5E21-4C0E-A0FF-CC09A68D3A59}
	EndGlobalSection
EndGlobal
